
Microsoft Visual Studio Solution File, Format Version 12.00
# Visual Studio Version 17
VisualStudioVersion = 17.0.31903.59
MinimumVisualStudioVersion = 10.0.40219.1
Project("{FAE04EC0-301F-11D3-BF4B-00C04F79EFBC}") = "Trainee_Task_Git_GitHub_SadeghJi", "Trainee_Task_Git_GitHub_SadeghJi\Trainee_Task_Git_GitHub_SadeghJi.csproj", "{16651AE4-86BF-450A-99AF-0B5CFB2C4479}"
EndProject
Global
	GlobalSection(SolutionConfigurationPlatforms) = preSolution
		Debug|Any CPU = Debug|Any CPU
		Release|Any CPU = Release|Any CPU
	EndGlobalSection
	GlobalSection(ProjectConfigurationPlatforms) = postSolution
		{16651AE4-86BF-450A-99AF-0B5CFB2C4479}.Debug|Any CPU.ActiveCfg = Debug|Any CPU
		{16651AE4-86BF-450A-99AF-0B5CFB2C4479}.Debug|Any CPU.Build.0 = Debug|Any CPU
		{16651AE4-86BF-450A-99AF-0B5CFB2C4479}.Release|Any CPU.ActiveCfg = Release|Any CPU
		{16651AE4-86BF-450A-99AF-0B5CFB2C4479}.Release|Any CPU.Build.0 = Release|Any CPU
	EndGlobalSection
	GlobalSection(SolutionProperties) = preSolution
		HideSolutionNode = FALSE
	EndGlobalSection
	GlobalSection(ExtensibilityGlobals) = postSolution
		SolutionGuid = {FDF9193D-788D-4077-9CA7-847973B84DDB}
	EndGlobalSection
EndGlobal
